
Microsoft Visual Studio Solution File, Format Version 12.00
# Visual Studio Version 16
VisualStudioVersion = 16.0.31515.178
MinimumVisualStudioVersion = 10.0.40219.1
Project("{FAE04EC0-301F-11D3-BF4B-00C04F79EFBC}") = "KazGraph", "KazGraph.csproj", "{7409082B-D1BD-4140-B58B-2EB333007515}"
EndProject
Global
	GlobalSection(SolutionConfigurationPlatforms) = preSolution
		Debug|Any CPU = Debug|Any CPU
		Release|Any CPU = Release|Any CPU
	EndGlobalSection
	GlobalSection(ProjectConfigurationPlatforms) = postSolution
		{7409082B-D1BD-4140-B58B-2EB333007515}.Debug|Any CPU.ActiveCfg = Debug|Any CPU
		{7409082B-D1BD-4140-B58B-2EB333007515}.Debug|Any CPU.Build.0 = Debug|Any CPU
		{7409082B-D1BD-4140-B58B-2EB333007515}.Release|Any CPU.ActiveCfg = Release|Any CPU
		{7409082B-D1BD-4140-B58B-2EB333007515}.Release|Any CPU.Build.0 = Release|Any CPU
	EndGlobalSection
	GlobalSection(SolutionProperties) = preSolution
		HideSolutionNode = FALSE
	EndGlobalSection
	GlobalSection(ExtensibilityGlobals) = postSolution
		SolutionGuid = {05EFB9E5-6406-4261-A990-1E7831703891}
	EndGlobalSection
EndGlobal
